
Microsoft Visual Studio Solution File, Format Version 12.00
# Visual Studio Version 17
VisualStudioVersion = 17.14.36414.22
MinimumVisualStudioVersion = 10.0.40219.1
Project("{FAE04EC0-301F-11D3-BF4B-00C04F79EFBC}") = "API", "API\API.csproj", "{79A3654A-76EE-45D4-9F47-AF7B6B20C59A}"
EndProject
Project("{FAE04EC0-301F-11D3-BF4B-00C04F79EFBC}") = "Domain", "Domain\Domain.csproj", "{77ACFB57-8563-452E-B6E4-06E47C9318CE}"
EndProject
Global
	GlobalSection(SolutionConfigurationPlatforms) = preSolution
		Debug|Any CPU = Debug|Any CPU
		Release|Any CPU = Release|Any CPU
	EndGlobalSection
	GlobalSection(ProjectConfigurationPlatforms) = postSolution
		{79A3654A-76EE-45D4-9F47-AF7B6B20C59A}.Debug|Any CPU.ActiveCfg = Debug|Any CPU
		{79A3654A-76EE-45D4-9F47-AF7B6B20C59A}.Debug|Any CPU.Build.0 = Debug|Any CPU
		{79A3654A-76EE-45D4-9F47-AF7B6B20C59A}.Release|Any CPU.ActiveCfg = Release|Any CPU
		{79A3654A-76EE-45D4-9F47-AF7B6B20C59A}.Release|Any CPU.Build.0 = Release|Any CPU
		{77ACFB57-8563-452E-B6E4-06E47C9318CE}.Debug|Any CPU.ActiveCfg = Debug|Any CPU
		{77ACFB57-8563-452E-B6E4-06E47C9318CE}.Debug|Any CPU.Build.0 = Debug|Any CPU
		{77ACFB57-8563-452E-B6E4-06E47C9318CE}.Release|Any CPU.ActiveCfg = Release|Any CPU
		{77ACFB57-8563-452E-B6E4-06E47C9318CE}.Release|Any CPU.Build.0 = Release|Any CPU
	EndGlobalSection
	GlobalSection(SolutionProperties) = preSolution
		HideSolutionNode = FALSE
	EndGlobalSection
	GlobalSection(ExtensibilityGlobals) = postSolution
		SolutionGuid = {79D2E1CF-C242-405A-ADAD-CAD20BA5BD98}
	EndGlobalSection
EndGlobal
